
Microsoft Visual Studio Solution File, Format Version 12.00
# Visual Studio Version 17
VisualStudioVersion = 17.0.31903.59
MinimumVisualStudioVersion = 10.0.40219.1
Project("{2150E333-8FDC-42A3-9474-1A3956D46DE8}") = "src", "src", "{C3C61131-D30A-4BA7-BC85-26214699BF4C}"
EndProject
Project("{F2A71F9B-5D33-465A-A702-920D77279786}") = "codify", "src\codify\codify.fsproj", "{B05E0FB0-2DA2-40FF-A81E-519D89C35458}"
EndProject
Global
	GlobalSection(SolutionConfigurationPlatforms) = preSolution
		Debug|Any CPU = Debug|Any CPU
		Release|Any CPU = Release|Any CPU
	EndGlobalSection
	GlobalSection(SolutionProperties) = preSolution
		HideSolutionNode = FALSE
	EndGlobalSection
	GlobalSection(ProjectConfigurationPlatforms) = postSolution
		{B05E0FB0-2DA2-40FF-A81E-519D89C35458}.Debug|Any CPU.ActiveCfg = Debug|Any CPU
		{B05E0FB0-2DA2-40FF-A81E-519D89C35458}.Debug|Any CPU.Build.0 = Debug|Any CPU
		{B05E0FB0-2DA2-40FF-A81E-519D89C35458}.Release|Any CPU.ActiveCfg = Release|Any CPU
		{B05E0FB0-2DA2-40FF-A81E-519D89C35458}.Release|Any CPU.Build.0 = Release|Any CPU
	EndGlobalSection
	GlobalSection(NestedProjects) = preSolution
		{B05E0FB0-2DA2-40FF-A81E-519D89C35458} = {C3C61131-D30A-4BA7-BC85-26214699BF4C}
	EndGlobalSection
EndGlobal
